
Microsoft Visual Studio Solution File, Format Version 12.00
# Visual Studio 15
VisualStudioVersion = 15.0.28010.2048
MinimumVisualStudioVersion = 10.0.40219.1
Project("{FAE04EC0-301F-11D3-BF4B-00C04F79EFBC}") = "AnyToEntity", "AnyToEntity\AnyToEntity.csproj", "{4392997D-3374-436D-9391-A7253C7607A5}"
EndProject
Global
	GlobalSection(SolutionConfigurationPlatforms) = preSolution
		Debug|Any CPU = Debug|Any CPU
		Release|Any CPU = Release|Any CPU
	EndGlobalSection
	GlobalSection(ProjectConfigurationPlatforms) = postSolution
		{4392997D-3374-436D-9391-A7253C7607A5}.Debug|Any CPU.ActiveCfg = Debug|Any CPU
		{4392997D-3374-436D-9391-A7253C7607A5}.Debug|Any CPU.Build.0 = Debug|Any CPU
		{4392997D-3374-436D-9391-A7253C7607A5}.Release|Any CPU.ActiveCfg = Release|Any CPU
		{4392997D-3374-436D-9391-A7253C7607A5}.Release|Any CPU.Build.0 = Release|Any CPU
	EndGlobalSection
	GlobalSection(SolutionProperties) = preSolution
		HideSolutionNode = FALSE
	EndGlobalSection
	GlobalSection(ExtensibilityGlobals) = postSolution
		SolutionGuid = {B1893A48-8D6E-4E0B-94ED-5B6A51A9C2C6}
	EndGlobalSection
EndGlobal
